
Microsoft Visual Studio Solution File, Format Version 12.00
# Visual Studio Version 16
VisualStudioVersion = 16.0.29306.81
MinimumVisualStudioVersion = 10.0.40219.1
Project("{FAE04EC0-301F-11D3-BF4B-00C04F79EFBC}") = "Web", "Web.csproj", "{D27727CB-9D18-4E55-96B6-F4BA9745B199}"
EndProject
Project("{FAE04EC0-301F-11D3-BF4B-00C04F79EFBC}") = "Models", "..\Models\Models.csproj", "{1FF4A6BF-D3AB-4713-A221-20D664737687}"
EndProject
Project("{FAE04EC0-301F-11D3-BF4B-00C04F79EFBC}") = "DTO", "..\DTO\DTO.csproj", "{4F770DA6-DF5E-417F-A7E8-F1C04D785935}"
EndProject
Project("{FAE04EC0-301F-11D3-BF4B-00C04F79EFBC}") = "ViewModels", "..\ViewModels\ViewModels.csproj", "{BFB013A9-D0D5-4C03-A2A8-6D9CBD88D693}"
EndProject
Project("{FAE04EC0-301F-11D3-BF4B-00C04F79EFBC}") = "Interfaces", "..\Interfaces\Interfaces.csproj", "{F2B9563C-A3E9-4EB9-A97C-FC43E59E9087}"
EndProject
Project("{FAE04EC0-301F-11D3-BF4B-00C04F79EFBC}") = "Helpers", "..\Helpers\Helpers.csproj", "{2BFFF573-9581-4016-941C-CC78BD5784B4}"
EndProject
Project("{FAE04EC0-301F-11D3-BF4B-00C04F79EFBC}") = "Enums", "..\Enums\Enums.csproj", "{37AE37B0-3F43-45DF-B0A7-4ADCF6B18E48}"
EndProject
Project("{FAE04EC0-301F-11D3-BF4B-00C04F79EFBC}") = "Exceptions", "..\Exceptions\Exceptions.csproj", "{F9F6175D-CF2D-47EF-AE88-1E1D164BDC98}"
EndProject
Project("{FAE04EC0-301F-11D3-BF4B-00C04F79EFBC}") = "Services", "..\Services\Services.csproj", "{50C94CAE-F78C-451C-98FF-5AA55CA619A8}"
EndProject
Project("{FAE04EC0-301F-11D3-BF4B-00C04F79EFBC}") = "Abstractions", "..\Abstractions\Abstractions.csproj", "{94405298-E0A8-4DAF-91B7-661789CB4ED3}"
EndProject
Project("{FAE04EC0-301F-11D3-BF4B-00C04F79EFBC}") = "Filters", "..\Filters\Filters.csproj", "{8C47878B-BED1-4BC3-BE4A-584F682CA659}"
EndProject
Project("{FAE04EC0-301F-11D3-BF4B-00C04F79EFBC}") = "Utils", "..\Utils\Utils.csproj", "{0FD79276-C521-4C8F-9D68-C83CCE59399C}"
EndProject
Global
	GlobalSection(SolutionConfigurationPlatforms) = preSolution
		Debug|Any CPU = Debug|Any CPU
		Release|Any CPU = Release|Any CPU
	EndGlobalSection
	GlobalSection(ProjectConfigurationPlatforms) = postSolution
		{D27727CB-9D18-4E55-96B6-F4BA9745B199}.Debug|Any CPU.ActiveCfg = Debug|Any CPU
		{D27727CB-9D18-4E55-96B6-F4BA9745B199}.Debug|Any CPU.Build.0 = Debug|Any CPU
		{D27727CB-9D18-4E55-96B6-F4BA9745B199}.Release|Any CPU.ActiveCfg = Release|Any CPU
		{D27727CB-9D18-4E55-96B6-F4BA9745B199}.Release|Any CPU.Build.0 = Release|Any CPU
		{1FF4A6BF-D3AB-4713-A221-20D664737687}.Debug|Any CPU.ActiveCfg = Debug|Any CPU
		{1FF4A6BF-D3AB-4713-A221-20D664737687}.Debug|Any CPU.Build.0 = Debug|Any CPU
		{1FF4A6BF-D3AB-4713-A221-20D664737687}.Release|Any CPU.ActiveCfg = Release|Any CPU
		{1FF4A6BF-D3AB-4713-A221-20D664737687}.Release|Any CPU.Build.0 = Release|Any CPU
		{4F770DA6-DF5E-417F-A7E8-F1C04D785935}.Debug|Any CPU.ActiveCfg = Debug|Any CPU
		{4F770DA6-DF5E-417F-A7E8-F1C04D785935}.Debug|Any CPU.Build.0 = Debug|Any CPU
		{4F770DA6-DF5E-417F-A7E8-F1C04D785935}.Release|Any CPU.ActiveCfg = Release|Any CPU
		{4F770DA6-DF5E-417F-A7E8-F1C04D785935}.Release|Any CPU.Build.0 = Release|Any CPU
		{BFB013A9-D0D5-4C03-A2A8-6D9CBD88D693}.Debug|Any CPU.ActiveCfg = Debug|Any CPU
		{BFB013A9-D0D5-4C03-A2A8-6D9CBD88D693}.Debug|Any CPU.Build.0 = Debug|Any CPU
		{BFB013A9-D0D5-4C03-A2A8-6D9CBD88D693}.Release|Any CPU.ActiveCfg = Release|Any CPU
		{BFB013A9-D0D5-4C03-A2A8-6D9CBD88D693}.Release|Any CPU.Build.0 = Release|Any CPU
		{F2B9563C-A3E9-4EB9-A97C-FC43E59E9087}.Debug|Any CPU.ActiveCfg = Debug|Any CPU
		{F2B9563C-A3E9-4EB9-A97C-FC43E59E9087}.Debug|Any CPU.Build.0 = Debug|Any CPU
		{F2B9563C-A3E9-4EB9-A97C-FC43E59E9087}.Release|Any CPU.ActiveCfg = Release|Any CPU
		{F2B9563C-A3E9-4EB9-A97C-FC43E59E9087}.Release|Any CPU.Build.0 = Release|Any CPU
		{2BFFF573-9581-4016-941C-CC78BD5784B4}.Debug|Any CPU.ActiveCfg = Debug|Any CPU
		{2BFFF573-9581-4016-941C-CC78BD5784B4}.Debug|Any CPU.Build.0 = Debug|Any CPU
		{2BFFF573-9581-4016-941C-CC78BD5784B4}.Release|Any CPU.ActiveCfg = Release|Any CPU
		{2BFFF573-9581-4016-941C-CC78BD5784B4}.Release|Any CPU.Build.0 = Release|Any CPU
		{37AE37B0-3F43-45DF-B0A7-4ADCF6B18E48}.Debug|Any CPU.ActiveCfg = Debug|Any CPU
		{37AE37B0-3F43-45DF-B0A7-4ADCF6B18E48}.Debug|Any CPU.Build.0 = Debug|Any CPU
		{37AE37B0-3F43-45DF-B0A7-4ADCF6B18E48}.Release|Any CPU.ActiveCfg = Release|Any CPU
		{37AE37B0-3F43-45DF-B0A7-4ADCF6B18E48}.Release|Any CPU.Build.0 = Release|Any CPU
		{F9F6175D-CF2D-47EF-AE88-1E1D164BDC98}.Debug|Any CPU.ActiveCfg = Debug|Any CPU
		{F9F6175D-CF2D-47EF-AE88-1E1D164BDC98}.Debug|Any CPU.Build.0 = Debug|Any CPU
		{F9F6175D-CF2D-47EF-AE88-1E1D164BDC98}.Release|Any CPU.ActiveCfg = Release|Any CPU
		{F9F6175D-CF2D-47EF-AE88-1E1D164BDC98}.Release|Any CPU.Build.0 = Release|Any CPU
		{50C94CAE-F78C-451C-98FF-5AA55CA619A8}.Debug|Any CPU.ActiveCfg = Debug|Any CPU
		{50C94CAE-F78C-451C-98FF-5AA55CA619A8}.Debug|Any CPU.Build.0 = Debug|Any CPU
		{50C94CAE-F78C-451C-98FF-5AA55CA619A8}.Release|Any CPU.ActiveCfg = Release|Any CPU
		{50C94CAE-F78C-451C-98FF-5AA55CA619A8}.Release|Any CPU.Build.0 = Release|Any CPU
		{94405298-E0A8-4DAF-91B7-661789CB4ED3}.Debug|Any CPU.ActiveCfg = Debug|Any CPU
		{94405298-E0A8-4DAF-91B7-661789CB4ED3}.Debug|Any CPU.Build.0 = Debug|Any CPU
		{94405298-E0A8-4DAF-91B7-661789CB4ED3}.Release|Any CPU.ActiveCfg = Release|Any CPU
		{94405298-E0A8-4DAF-91B7-661789CB4ED3}.Release|Any CPU.Build.0 = Release|Any CPU
		{8C47878B-BED1-4BC3-BE4A-584F682CA659}.Debug|Any CPU.ActiveCfg = Debug|Any CPU
		{8C47878B-BED1-4BC3-BE4A-584F682CA659}.Debug|Any CPU.Build.0 = Debug|Any CPU
		{8C47878B-BED1-4BC3-BE4A-584F682CA659}.Release|Any CPU.ActiveCfg = Release|Any CPU
		{8C47878B-BED1-4BC3-BE4A-584F682CA659}.Release|Any CPU.Build.0 = Release|Any CPU
		{0FD79276-C521-4C8F-9D68-C83CCE59399C}.Debug|Any CPU.ActiveCfg = Debug|Any CPU
		{0FD79276-C521-4C8F-9D68-C83CCE59399C}.Debug|Any CPU.Build.0 = Debug|Any CPU
		{0FD79276-C521-4C8F-9D68-C83CCE59399C}.Release|Any CPU.ActiveCfg = Release|Any CPU
		{0FD79276-C521-4C8F-9D68-C83CCE59399C}.Release|Any CPU.Build.0 = Release|Any CPU
	EndGlobalSection
	GlobalSection(SolutionProperties) = preSolution
		HideSolutionNode = FALSE
	EndGlobalSection
	GlobalSection(ExtensibilityGlobals) = postSolution
		SolutionGuid = {3DB2A183-6940-4BC8-BDFE-8E74D0C676E3}
	EndGlobalSection
EndGlobal
